// !$*UTF8*$!
{
	archiveVersion = 1;
	classes = {
	};
	objectVersion = 55;
	objects = {

/* Begin PBXBuildFile section */
		95498D3326FE5AA900FA1224 /* AppDelegate.swift in Sources */ = {isa = PBXBuildFile; fileRef = 95498D3226FE5AA900FA1224 /* AppDelegate.swift */; };
		95498D3526FE5AA900FA1224 /* SceneDelegate.swift in Sources */ = {isa = PBXBuildFile; fileRef = 95498D3426FE5AA900FA1224 /* SceneDelegate.swift */; };
		95498D3726FE5AA900FA1224 /* CharacterListViewController.swift in Sources */ = {isa = PBXBuildFile; fileRef = 95498D3626FE5AA900FA1224 /* CharacterListViewController.swift */; };
		95498D3A26FE5AA900FA1224 /* Main.storyboard in Resources */ = {isa = PBXBuildFile; fileRef = 95498D3826FE5AA900FA1224 /* Main.storyboard */; };
		95498D3C26FE5AAB00FA1224 /* Assets.xcassets in Resources */ = {isa = PBXBuildFile; fileRef = 95498D3B26FE5AAB00FA1224 /* Assets.xcassets */; };
		95498D3F26FE5AAB00FA1224 /* LaunchScreen.storyboard in Resources */ = {isa = PBXBuildFile; fileRef = 95498D3D26FE5AAB00FA1224 /* LaunchScreen.storyboard */; };
		95498D4726FE67BF00FA1224 /* BreakingBad.swift in Sources */ = {isa = PBXBuildFile; fileRef = 95498D4626FE67BF00FA1224 /* BreakingBad.swift */; };
		95C3A32326FF7793008F0269 /* TabBarViewController.swift in Sources */ = {isa = PBXBuildFile; fileRef = 95C3A32226FF7793008F0269 /* TabBarViewController.swift */; };
		95C9894F26FF2719007730FC /* DetailViewController.swift in Sources */ = {isa = PBXBuildFile; fileRef = 95C9894E26FF2719007730FC /* DetailViewController.swift */; };
		95DAB71426FF7FC900CCB126 /* EpisodesListViewController.swift in Sources */ = {isa = PBXBuildFile; fileRef = 95DAB71326FF7FC900CCB126 /* EpisodesListViewController.swift */; };
/* End PBXBuildFile section */

/* Begin PBXFileReference section */
		95498D2F26FE5AA900FA1224 /* NetworkApp.app */ = {isa = PBXFileReference; explicitFileType = wrapper.application; includeInIndex = 0; path = NetworkApp.app; sourceTree = BUILT_PRODUCTS_DIR; };
		95498D3226FE5AA900FA1224 /* AppDelegate.swift */ = {isa = PBXFileReference; lastKnownFileType = sourcecode.swift; path = AppDelegate.swift; sourceTree = "<group>"; };
		95498D3426FE5AA900FA1224 /* SceneDelegate.swift */ = {isa = PBXFileReference; lastKnownFileType = sourcecode.swift; path = SceneDelegate.swift; sourceTree = "<group>"; };
		95498D3626FE5AA900FA1224 /* CharacterListViewController.swift */ = {isa = PBXFileReference; lastKnownFileType = sourcecode.swift; path = CharacterListViewController.swift; sourceTree = "<group>"; };
		95498D3926FE5AA900FA1224 /* Base */ = {isa = PBXFileReference; lastKnownFileType = file.storyboard; name = Base; path = Base.lproj/Main.storyboard; sourceTree = "<group>"; };
		95498D3B26FE5AAB00FA1224 /* Assets.xcassets */ = {isa = PBXFileReference; lastKnownFileType = folder.assetcatalog; path = Assets.xcassets; sourceTree = "<group>"; };
		95498D3E26FE5AAB00FA1224 /* Base */ = {isa = PBXFileReference; lastKnownFileType = file.storyboard; name = Base; path = Base.lproj/LaunchScreen.storyboard; sourceTree = "<group>"; };
		95498D4026FE5AAB00FA1224 /* Info.plist */ = {isa = PBXFileReference; lastKnownFileType = text.plist.xml; path = Info.plist; sourceTree = "<group>"; };
		95498D4626FE67BF00FA1224 /* BreakingBad.swift */ = {isa = PBXFileReference; lastKnownFileType = sourcecode.swift; path = BreakingBad.swift; sourceTree = "<group>"; };
		95C3A32226FF7793008F0269 /* TabBarViewController.swift */ = {isa = PBXFileReference; lastKnownFileType = sourcecode.swift; path = TabBarViewController.swift; sourceTree = "<group>"; };
		95C9894E26FF2719007730FC /* DetailViewController.swift */ = {isa = PBXFileReference; lastKnownFileType = sourcecode.swift; path = DetailViewController.swift; sourceTree = "<group>"; };
		95DAB71326FF7FC900CCB126 /* EpisodesListViewController.swift */ = {isa = PBXFileReference; lastKnownFileType = sourcecode.swift; path = EpisodesListViewController.swift; sourceTree = "<group>"; };
/* End PBXFileReference section */

/* Begin PBXFrameworksBuildPhase section */
		95498D2C26FE5AA900FA1224 /* Frameworks */ = {
			isa = PBXFrameworksBuildPhase;
			buildActionMask = 2147483647;
			files = (
			);
			runOnlyForDeploymentPostprocessing = 0;
		};
/* End PBXFrameworksBuildPhase section */

/* Begin PBXGroup section */
		95498D2626FE5AA900FA1224 = {
			isa = PBXGroup;
			children = (
				95498D3126FE5AA900FA1224 /* NetworkApp */,
				95498D3026FE5AA900FA1224 /* Products */,
			);
			sourceTree = "<group>";
		};
		95498D3026FE5AA900FA1224 /* Products */ = {
			isa = PBXGroup;
			children = (
				95498D2F26FE5AA900FA1224 /* NetworkApp.app */,
			);
			name = Products;
			sourceTree = "<group>";
		};
		95498D3126FE5AA900FA1224 /* NetworkApp */ = {
			isa = PBXGroup;
			children = (
				95DAB71826FF80B600CCB126 /* App */,
				95DAB71526FF808A00CCB126 /* ViewControlles */,
				95DAB71626FF809D00CCB126 /* Models */,
				95DAB71726FF80A300CCB126 /* Storyboard */,
				95498D3B26FE5AAB00FA1224 /* Assets.xcassets */,
				95498D4026FE5AAB00FA1224 /* Info.plist */,
			);
			path = NetworkApp;
			sourceTree = "<group>";
		};
		95DAB71526FF808A00CCB126 /* ViewControlles */ = {
			isa = PBXGroup;
			children = (
				95498D3626FE5AA900FA1224 /* CharacterListViewController.swift */,
				95C3A32226FF7793008F0269 /* TabBarViewController.swift */,
				95DAB71326FF7FC900CCB126 /* EpisodesListViewController.swift */,
				95C9894E26FF2719007730FC /* DetailViewController.swift */,
			);
			path = ViewControlles;
			sourceTree = "<group>";
		};
		95DAB71626FF809D00CCB126 /* Models */ = {
			isa = PBXGroup;
			children = (
				95498D4626FE67BF00FA1224 /* BreakingBad.swift */,
			);
			path = Models;
			sourceTree = "<group>";
		};
		95DAB71726FF80A300CCB126 /* Storyboard */ = {
			isa = PBXGroup;
			children = (
				95498D3826FE5AA900FA1224 /* Main.storyboard */,
				95498D3D26FE5AAB00FA1224 /* LaunchScreen.storyboard */,
			);
			path = Storyboard;
			sourceTree = "<group>";
		};
		95DAB71826FF80B600CCB126 /* App */ = {
			isa = PBXGroup;
			children = (
				95498D3226FE5AA900FA1224 /* AppDelegate.swift */,
				95498D3426FE5AA900FA1224 /* SceneDelegate.swift */,
			);
			path = App;
			sourceTree = "<group>";
		};
/* End PBXGroup section */

/* Begin PBXNativeTarget section */
		95498D2E26FE5AA900FA1224 /* NetworkApp */ = {
			isa = PBXNativeTarget;
			buildConfigurationList = 95498D4326FE5AAB00FA1224 /* Build configuration list for PBXNativeTarget "NetworkApp" */;
			buildPhases = (
				95498D2B26FE5AA900FA1224 /* Sources */,
				95498D2C26FE5AA900FA1224 /* Frameworks */,
				95498D2D26FE5AA900FA1224 /* Resources */,
			);
			buildRules = (
			);
			dependencies = (
			);
			name = NetworkApp;
			productName = NetworkApp;
			productReference = 95498D2F26FE5AA900FA1224 /* NetworkApp.app */;
			productType = "com.apple.product-type.application";
		};
/* End PBXNativeTarget section */

/* Begin PBXProject section */
		95498D2726FE5AA900FA1224 /* Project object */ = {
			isa = PBXProject;
			attributes = {
				BuildIndependentTargetsInParallel = 1;
				LastSwiftUpdateCheck = 1300;
				LastUpgradeCheck = 1300;
				TargetAttributes = {
					95498D2E26FE5AA900FA1224 = {
						CreatedOnToolsVersion = 13.0;
					};
				};
			};
			buildConfigurationList = 95498D2A26FE5AA900FA1224 /* Build configuration list for PBXProject "NetworkApp" */;
			compatibilityVersion = "Xcode 13.0";
			developmentRegion = en;
			hasScannedForEncodings = 0;
			knownRegions = (
				en,
				Base,
			);
			mainGroup = 95498D2626FE5AA900FA1224;
			productRefGroup = 95498D3026FE5AA900FA1224 /* Products */;
			projectDirPath = "";
			projectRoot = "";
			targets = (
				95498D2E26FE5AA900FA1224 /* NetworkApp */,
			);
		};
/* End PBXProject section */

/* Begin PBXResourcesBuildPhase section */
		95498D2D26FE5AA900FA1224 /* Resources */ = {
			isa = PBXResourcesBuildPhase;
			buildActionMask = 2147483647;
			files = (
				95498D3F26FE5AAB00FA1224 /* LaunchScreen.storyboard in Resources */,
				95498D3C26FE5AAB00FA1224 /* Assets.xcassets in Resources */,
				95498D3A26FE5AA900FA1224 /* Main.storyboard in Resources */,
			);
			runOnlyForDeploymentPostprocessing = 0;
		};
/* End PBXResourcesBuildPhase section */

/* Begin PBXSourcesBuildPhase section */
		95498D2B26FE5AA900FA1224 /* Sources */ = {
			isa = PBXSourcesBuildPhase;
			buildActionMask = 2147483647;
			files = (
				95498D3726FE5AA900FA1224 /* CharacterListViewController.swift in Sources */,
				95498D3326FE5AA900FA1224 /* AppDelegate.swift in Sources */,
				95C9894F26FF2719007730FC /* DetailViewController.swift in Sources */,
				95498D4726FE67BF00FA1224 /* BreakingBad.swift in Sources */,
				95DAB71426FF7FC900CCB126 /* EpisodesListViewController.swift in Sources */,
				95C3A32326FF7793008F0269 /* TabBarViewController.swift in Sources */,
				95498D3526FE5AA900FA1224 /* SceneDelegate.swift in Sources */,
			);
			runOnlyForDeploymentPostprocessing = 0;
		};
/* End PBXSourcesBuildPhase section */

/* Begin PBXVariantGroup section */
		95498D3826FE5AA900FA1224 /* Main.storyboard */ = {
			isa = PBXVariantGroup;
			children = (
				95498D3926FE5AA900FA1224 /* Base */,
			);
			name = Main.storyboard;
			sourceTree = "<group>";
		};
		95498D3D26FE5AAB00FA1224 /* LaunchScreen.storyboard */ = {
			isa = PBXVariantGroup;
			children = (
				95498D3E26FE5AAB00FA1224 /* Base */,
			);
			name = LaunchScreen.storyboard;
			sourceTree = "<group>";
		};
/* End PBXVariantGroup section */

/* Begin XCBuildConfiguration section */
		95498D4126FE5AAB00FA1224 /* Debug */ = {
			isa = XCBuildConfiguration;
			buildSettings = {
				ALWAYS_SEARCH_USER_PATHS = NO;
				CLANG_ANALYZER_NONNULL = YES;
				CLANG_ANALYZER_NUMBER_OBJECT_CONVERSION = YES_AGGRESSIVE;
				CLANG_CXX_LANGUAGE_STANDARD = "gnu++17";
				CLANG_CXX_LIBRARY = "libc++";
				CLANG_ENABLE_MODULES = YES;
				CLANG_ENABLE_OBJC_ARC = YES;
				CLANG_ENABLE_OBJC_WEAK = YES;
				CLANG_WARN_BLOCK_CAPTURE_AUTORELEASING = YES;
				CLANG_WARN_BOOL_CONVERSION = YES;
				CLANG_WARN_COMMA = YES;
				CLANG_WARN_CONSTANT_CONVERSION = YES;
				CLANG_WARN_DEPRECATED_OBJC_IMPLEMENTATIONS = YES;
				CLANG_WARN_DIRECT_OBJC_ISA_USAGE = YES_ERROR;
				CLANG_WARN_DOCUMENTATION_COMMENTS = YES;
				CLANG_WARN_EMPTY_BODY = YES;
				CLANG_WARN_ENUM_CONVERSION = YES;
				CLANG_WARN_INFINITE_RECURSION = YES;
				CLANG_WARN_INT_CONVERSION = YES;
				CLANG_WARN_NON_LITERAL_NULL_CONVERSION = YES;
				CLANG_WARN_OBJC_IMPLICIT_RETAIN_SELF = YES;
				CLANG_WARN_OBJC_LITERAL_CONVERSION = YES;
				CLANG_WARN_OBJC_ROOT_CLASS = YES_ERROR;
				CLANG_WARN_QUOTED_INCLUDE_IN_FRAMEWORK_HEADER = YES;
				CLANG_WARN_RANGE_LOOP_ANALYSIS = YES;
				CLANG_WARN_STRICT_PROTOTYPES = YES;
				CLANG_WARN_SUSPICIOUS_MOVE = YES;
				CLANG_WARN_UNGUARDED_AVAILABILITY = YES_AGGRESSIVE;
				CLANG_WARN_UNREACHABLE_CODE = YES;
				CLANG_WARN__DUPLICATE_METHOD_MATCH = YES;
				COPY_PHASE_STRIP = NO;
				DEBUG_INFORMATION_FORMAT = dwarf;
				ENABLE_STRICT_OBJC_MSGSEND = YES;
				ENABLE_TESTABILITY = YES;
				GCC_C_LANGUAGE_STANDARD = gnu11;
				GCC_DYNAMIC_NO_PIC = NO;
				GCC_NO_COMMON_BLOCKS = YES;
				GCC_OPTIMIZATION_LEVEL = 0;
				GCC_PREPROCESSOR_DEFINITIONS = (
					"DEBUG=1",
					"$(inherited)",
				);
				GCC_WARN_64_TO_32_BIT_CONVERSION = YES;
				GCC_WARN_ABOUT_RETURN_TYPE = YES_ERROR;
				GCC_WARN_UNDECLARED_SELECTOR = YES;
				GCC_WARN_UNINITIALIZED_AUTOS = YES_AGGRESSIVE;
				GCC_WARN_UNUSED_FUNCTION = YES;
				GCC_WARN_UNUSED_VARIABLE = YES;
				IPHONEOS_DEPLOYMENT_TARGET = 15.0;
				MTL_ENABLE_DEBUG_INFO = INCLUDE_SOURCE;
				MTL_FAST_MATH = YES;
				ONLY_ACTIVE_ARCH = YES;
				SDKROOT = iphoneos;
				SWIFT_ACTIVE_COMPILATION_CONDITIONS = DEBUG;
				SWIFT_OPTIMIZATION_LEVEL = "-Onone";
			};
			name = Debug;
		};
		95498D4226FE5AAB00FA1224 /* Release */ = {
			isa = XCBuildConfiguration;
			buildSettings = {
				ALWAYS_SEARCH_USER_PATHS = NO;
				CLANG_ANALYZER_NONNULL = YES;
				CLANG_ANALYZER_NUMBER_OBJECT_CONVERSION = YES_AGGRESSIVE;
				CLANG_CXX_LANGUAGE_STANDARD = "gnu++17";
				CLANG_CXX_LIBRARY = "libc++";
				CLANG_ENABLE_MODULES = YES;
				CLANG_ENABLE_OBJC_ARC = YES;
				CLANG_ENABLE_OBJC_WEAK = YES;
				CLANG_WARN_BLOCK_CAPTURE_AUTORELEASING = YES;
				CLANG_WARN_BOOL_CONVERSION = YES;
				CLANG_WARN_COMMA = YES;
				CLANG_WARN_CONSTANT_CONVERSION = YES;
				CLANG_WARN_DEPRECATED_OBJC_IMPLEMENTATIONS = YES;
				CLANG_WARN_DIRECT_OBJC_ISA_USAGE = YES_ERROR;
				CLANG_WARN_DOCUMENTATION_COMMENTS = YES;
				CLANG_WARN_EMPTY_BODY = YES;
				CLANG_WARN_ENUM_CONVERSION = YES;
				CLANG_WARN_INFINITE_RECURSION = YES;
				CLANG_WARN_INT_CONVERSION = YES;
				CLANG_WARN_NON_LITERAL_NULL_CONVERSION = YES;
				CLANG_WARN_OBJC_IMPLICIT_RETAIN_SELF = YES;
				CLANG_WARN_OBJC_LITERAL_CONVERSION = YES;
				CLANG_WARN_OBJC_ROOT_CLASS = YES_ERROR;
				CLANG_WARN_QUOTED_INCLUDE_IN_FRAMEWORK_HEADER = YES;
				CLANG_WARN_RANGE_LOOP_ANALYSIS = YES;
				CLANG_WARN_STRICT_PROTOTYPES = YES;
				CLANG_WARN_SUSPICIOUS_MOVE = YES;
				CLANG_WARN_UNGUARDED_AVAILABILITY = YES_AGGRESSIVE;
				CLANG_WARN_UNREACHABLE_CODE = YES;
				CLANG_WARN__DUPLICATE_METHOD_MATCH = YES;
				COPY_PHASE_STRIP = NO;
				DEBUG_INFORMATION_FORMAT = "dwarf-with-dsym";
				ENABLE_NS_ASSERTIONS = NO;
				ENABLE_STRICT_OBJC_MSGSEND = YES;
				GCC_C_LANGUAGE_STANDARD = gnu11;
				GCC_NO_COMMON_BLOCKS = YES;
				GCC_WARN_64_TO_32_BIT_CONVERSION = YES;
				GCC_WARN_ABOUT_RETURN_TYPE = YES_ERROR;
				GCC_WARN_UNDECLARED_SELECTOR = YES;
				GCC_WARN_UNINITIALIZED_AUTOS = YES_AGGRESSIVE;
				GCC_WARN_UNUSED_FUNCTION = YES;
				GCC_WARN_UNUSED_VARIABLE = YES;
				IPHONEOS_DEPLOYMENT_TARGET = 15.0;
				MTL_ENABLE_DEBUG_INFO = NO;
				MTL_FAST_MATH = YES;
				SDKROOT = iphoneos;
				SWIFT_COMPILATION_MODE = wholemodule;
				SWIFT_OPTIMIZATION_LEVEL = "-O";
				VALIDATE_PRODUCT = YES;
			};
			name = Release;
		};
		95498D4426FE5AAB00FA1224 /* Debug */ = {
			isa = XCBuildConfiguration;
			buildSettings = {
				ASSETCATALOG_COMPILER_APPICON_NAME = AppIcon;
				ASSETCATALOG_COMPILER_GLOBAL_ACCENT_COLOR_NAME = AccentColor;
				CODE_SIGN_STYLE = Automatic;
				CURRENT_PROJECT_VERSION = 1;
				DEVELOPMENT_TEAM = LZR67SB886;
				GENERATE_INFOPLIST_FILE = YES;
				INFOPLIST_FILE = NetworkApp/Info.plist;
				INFOPLIST_KEY_UIApplicationSupportsIndirectInputEvents = YES;
				INFOPLIST_KEY_UILaunchStoryboardName = LaunchScreen;
				INFOPLIST_KEY_UIMainStoryboardFile = Main;
				INFOPLIST_KEY_UISupportedInterfaceOrientations = UIInterfaceOrientationPortrait;
				INFOPLIST_KEY_UISupportedInterfaceOrientations_iPad = "UIInterfaceOrientationPortrait UIInterfaceOrientationPortraitUpsideDown UIInterfaceOrientationLandscapeLeft UIInterfaceOrientationLandscapeRight";
				INFOPLIST_KEY_UISupportedInterfaceOrientations_iPhone = "UIInterfaceOrientationPortrait UIInterfaceOrientationLandscapeLeft UIInterfaceOrientationLandscapeRight";
				LD_RUNPATH_SEARCH_PATHS = (
					"$(inherited)",
					"@executable_path/Frameworks",
				);
				MARKETING_VERSION = 1.0;
				PRODUCT_BUNDLE_IDENTIFIER = VP.NetworkApp;
				PRODUCT_NAME = "$(TARGET_NAME)";
				SWIFT_EMIT_LOC_STRINGS = YES;
				SWIFT_VERSION = 5.0;
				TARGETED_DEVICE_FAMILY = 1;
			};
			name = Debug;
		};
		95498D4526FE5AAB00FA1224 /* Release */ = {
			isa = XCBuildConfiguration;
			buildSettings = {
				ASSETCATALOG_COMPILER_APPICON_NAME = AppIcon;
				ASSETCATALOG_COMPILER_GLOBAL_ACCENT_COLOR_NAME = AccentColor;
				CODE_SIGN_STYLE = Automatic;
				CURRENT_PROJECT_VERSION = 1;
				DEVELOPMENT_TEAM = LZR67SB886;
				GENERATE_INFOPLIST_FILE = YES;
				INFOPLIST_FILE = NetworkApp/Info.plist;
				INFOPLIST_KEY_UIApplicationSupportsIndirectInputEvents = YES;
				INFOPLIST_KEY_UILaunchStoryboardName = LaunchScreen;
				INFOPLIST_KEY_UIMainStoryboardFile = Main;
				INFOPLIST_KEY_UISupportedInterfaceOrientations = UIInterfaceOrientationPortrait;
				INFOPLIST_KEY_UISupportedInterfaceOrientations_iPad = "UIInterfaceOrientationPortrait UIInterfaceOrientationPortraitUpsideDown UIInterfaceOrientationLandscapeLeft UIInterfaceOrientationLandscapeRight";
				INFOPLIST_KEY_UISupportedInterfaceOrientations_iPhone = "UIInterfaceOrientationPortrait UIInterfaceOrientationLandscapeLeft UIInterfaceOrientationLandscapeRight";
				LD_RUNPATH_SEARCH_PATHS = (
					"$(inherited)",
					"@executable_path/Frameworks",
				);
				MARKETING_VERSION = 1.0;
				PRODUCT_BUNDLE_IDENTIFIER = VP.NetworkApp;
				PRODUCT_NAME = "$(TARGET_NAME)";
				SWIFT_EMIT_LOC_STRINGS = YES;
				SWIFT_VERSION = 5.0;
				TARGETED_DEVICE_FAMILY = 1;
			};
			name = Release;
		};
/* End XCBuildConfiguration section */

/* Begin XCConfigurationList section */
		95498D2A26FE5AA900FA1224 /* Build configuration list for PBXProject "NetworkApp" */ = {
			isa = XCConfigurationList;
			buildConfigurations = (
				95498D4126FE5AAB00FA1224 /* Debug */,
				95498D4226FE5AAB00FA1224 /* Release */,
			);
			defaultConfigurationIsVisible = 0;
			defaultConfigurationName = Release;
		};
		95498D4326FE5AAB00FA1224 /* Build configuration list for PBXNativeTarget "NetworkApp" */ = {
			isa = XCConfigurationList;
			buildConfigurations = (
				95498D4426FE5AAB00FA1224 /* Debug */,
				95498D4526FE5AAB00FA1224 /* Release */,
			);
			defaultConfigurationIsVisible = 0;
			defaultConfigurationName = Release;
		};
/* End XCConfigurationList section */
	};
	rootObject = 95498D2726FE5AA900FA1224 /* Project object */;
}
